<?xml version="1.0" encoding="utf-8"?>
<Project ToolsVersion="4.0" xmlns="http://schemas.microsoft.com/developer/msbuild/2003">
  <ItemGroup>
    <ClCompile Include="src\SandboxApp.cpp" />
  </ItemGroup>
  <ItemGroup>
    <Filter Include="shaders">
      <UniqueIdentifier>{2aafbf83-3de5-4253-885f-b6a1be7a2459}</UniqueIdentifier>
    </Filter>
  </ItemGroup>
  <ItemGroup>
    <None Include="assets\shaders\default_f.glsl">
      <Filter>shaders</Filter>
    </None>
    <None Include="assets\shaders\default_v.glsl">
      <Filter>shaders</Filter>
    </None>
    <None Include="assets\shaders\flat_color_v.glsl">
      <Filter>shaders</Filter>
    </None>
    <None Include="assets\shaders\flat_color_f.glsl">
      <Filter>shaders</Filter>
    </None>
    <None Include="assets\shaders\default_screen_f.glsl">
      <Filter>shaders</Filter>
    </None>
    <None Include="assets\shaders\default_screen_v.glsl">
      <Filter>shaders</Filter>
    </None>
    <None Include="assets\shaders\default_skybox_f.glsl">
      <Filter>shaders</Filter>
    </None>
    <None Include="assets\shaders\default_skybox_v.glsl">
      <Filter>shaders</Filter>
    </None>
  </ItemGroup>
</Project>